
Microsoft Visual Studio Solution File, Format Version 12.00
# Visual Studio 14
VisualStudioVersion = 14.0.23107.0
MinimumVisualStudioVersion = 10.0.40219.1
Project("{8BC9CEB8-8B4A-11D0-8D11-00A0C91BC942}") = "ConsoleApplication1", "ConsoleApplication1\ConsoleApplication1.vcxproj", "{3DE9D1B8-21A7-49D1-8522-F065DC15D4F7}"
	ProjectSection(ProjectDependencies) = postProject
		{365A856A-05B1-4AD1-857C-31B240EFCF95} = {365A856A-05B1-4AD1-857C-31B240EFCF95}
	EndProjectSection
EndProject
Project("{8BC9CEB8-8B4A-11D0-8D11-00A0C91BC942}") = "Win32Project1", "..\ConsoleDll\Win32Project1\Win32Project1.vcxproj", "{365A856A-05B1-4AD1-857C-31B240EFCF95}"
EndProject
Global
	GlobalSection(SolutionConfigurationPlatforms) = preSolution
		Debug|ARM = Debug|ARM
		Debug|x64 = Debug|x64
		Debug|x86 = Debug|x86
		Release|ARM = Release|ARM
		Release|x64 = Release|x64
		Release|x86 = Release|x86
	EndGlobalSection
	GlobalSection(ProjectConfigurationPlatforms) = postSolution
		{3DE9D1B8-21A7-49D1-8522-F065DC15D4F7}.Debug|ARM.ActiveCfg = Debug|Win32
		{3DE9D1B8-21A7-49D1-8522-F065DC15D4F7}.Debug|x64.ActiveCfg = Debug|x64
		{3DE9D1B8-21A7-49D1-8522-F065DC15D4F7}.Debug|x64.Build.0 = Debug|x64
		{3DE9D1B8-21A7-49D1-8522-F065DC15D4F7}.Debug|x86.ActiveCfg = Debug|Win32
		{3DE9D1B8-21A7-49D1-8522-F065DC15D4F7}.Debug|x86.Build.0 = Debug|Win32
		{3DE9D1B8-21A7-49D1-8522-F065DC15D4F7}.Release|ARM.ActiveCfg = Release|Win32
		{3DE9D1B8-21A7-49D1-8522-F065DC15D4F7}.Release|x64.ActiveCfg = Release|x64
		{3DE9D1B8-21A7-49D1-8522-F065DC15D4F7}.Release|x64.Build.0 = Release|x64
		{3DE9D1B8-21A7-49D1-8522-F065DC15D4F7}.Release|x86.ActiveCfg = Release|Win32
		{3DE9D1B8-21A7-49D1-8522-F065DC15D4F7}.Release|x86.Build.0 = Release|Win32
		{365A856A-05B1-4AD1-857C-31B240EFCF95}.Debug|ARM.ActiveCfg = Debug|Win32
		{365A856A-05B1-4AD1-857C-31B240EFCF95}.Debug|x64.ActiveCfg = Debug|x64
		{365A856A-05B1-4AD1-857C-31B240EFCF95}.Debug|x64.Build.0 = Debug|x64
		{365A856A-05B1-4AD1-857C-31B240EFCF95}.Debug|x86.ActiveCfg = Debug|Win32
		{365A856A-05B1-4AD1-857C-31B240EFCF95}.Debug|x86.Build.0 = Debug|Win32
		{365A856A-05B1-4AD1-857C-31B240EFCF95}.Release|ARM.ActiveCfg = Release|Win32
		{365A856A-05B1-4AD1-857C-31B240EFCF95}.Release|x64.ActiveCfg = Release|x64
		{365A856A-05B1-4AD1-857C-31B240EFCF95}.Release|x64.Build.0 = Release|x64
		{365A856A-05B1-4AD1-857C-31B240EFCF95}.Release|x86.ActiveCfg = Release|Win32
		{365A856A-05B1-4AD1-857C-31B240EFCF95}.Release|x86.Build.0 = Release|Win32
	EndGlobalSection
	GlobalSection(SolutionProperties) = preSolution
		HideSolutionNode = FALSE
	EndGlobalSection
EndGlobal
